// !$*UTF8*$!
{
	archiveVersion = 1;
	classes = {
	};
	objectVersion = 52;
	objects = {

/* Begin PBXBuildFile section */
		CE1FD8B7260B652700C92BFD /* Credits.rtf in Resources */ = {isa = PBXBuildFile; fileRef = CE1FD8B6260B652700C92BFD /* Credits.rtf */; };
		CE1FD8BF260B689D00C92BFD /* Overlayer.swift in Sources */ = {isa = PBXBuildFile; fileRef = CE1FD8BE260B689D00C92BFD /* Overlayer.swift */; };
		CE20ED00260C702B00D9FFA6 /* WindowController.swift in Sources */ = {isa = PBXBuildFile; fileRef = CE20ECFF260C702B00D9FFA6 /* WindowController.swift */; };
		CE71AF6D260CBB7400F31269 /* MetalPetal in Frameworks */ = {isa = PBXBuildFile; productRef = CE71AF6C260CBB7400F31269 /* MetalPetal */; };
		CED99A9C260A5FDD007705E9 /* AppDelegate.swift in Sources */ = {isa = PBXBuildFile; fileRef = CED99A9B260A5FDD007705E9 /* AppDelegate.swift */; };
		CED99A9E260A5FDD007705E9 /* ViewController.swift in Sources */ = {isa = PBXBuildFile; fileRef = CED99A9D260A5FDD007705E9 /* ViewController.swift */; };
		CED99AA0260A5FDE007705E9 /* Assets.xcassets in Resources */ = {isa = PBXBuildFile; fileRef = CED99A9F260A5FDE007705E9 /* Assets.xcassets */; };
		CED99AA3260A5FDE007705E9 /* Main.storyboard in Resources */ = {isa = PBXBuildFile; fileRef = CED99AA1260A5FDE007705E9 /* Main.storyboard */; };
/* End PBXBuildFile section */

/* Begin PBXFileReference section */
		CE1FD8B6260B652700C92BFD /* Credits.rtf */ = {isa = PBXFileReference; fileEncoding = 4; lastKnownFileType = text.rtf; path = Credits.rtf; sourceTree = "<group>"; };
		CE1FD8BE260B689D00C92BFD /* Overlayer.swift */ = {isa = PBXFileReference; lastKnownFileType = sourcecode.swift; path = Overlayer.swift; sourceTree = "<group>"; };
		CE20ECFF260C702B00D9FFA6 /* WindowController.swift */ = {isa = PBXFileReference; lastKnownFileType = sourcecode.swift; path = WindowController.swift; sourceTree = "<group>"; };
		CED99A98260A5FDD007705E9 /* WaterMarker.app */ = {isa = PBXFileReference; explicitFileType = wrapper.application; includeInIndex = 0; path = WaterMarker.app; sourceTree = BUILT_PRODUCTS_DIR; };
		CED99A9B260A5FDD007705E9 /* AppDelegate.swift */ = {isa = PBXFileReference; lastKnownFileType = sourcecode.swift; path = AppDelegate.swift; sourceTree = "<group>"; };
		CED99A9D260A5FDD007705E9 /* ViewController.swift */ = {isa = PBXFileReference; lastKnownFileType = sourcecode.swift; path = ViewController.swift; sourceTree = "<group>"; };
		CED99A9F260A5FDE007705E9 /* Assets.xcassets */ = {isa = PBXFileReference; lastKnownFileType = folder.assetcatalog; path = Assets.xcassets; sourceTree = "<group>"; };
		CED99AA2260A5FDE007705E9 /* Base */ = {isa = PBXFileReference; lastKnownFileType = file.storyboard; name = Base; path = Base.lproj/Main.storyboard; sourceTree = "<group>"; };
		CED99AA4260A5FDE007705E9 /* Info.plist */ = {isa = PBXFileReference; lastKnownFileType = text.plist.xml; path = Info.plist; sourceTree = "<group>"; };
		CED99AA5260A5FDE007705E9 /* WaterMarker.entitlements */ = {isa = PBXFileReference; lastKnownFileType = text.plist.entitlements; path = WaterMarker.entitlements; sourceTree = "<group>"; };
/* End PBXFileReference section */

/* Begin PBXFrameworksBuildPhase section */
		CED99A95260A5FDD007705E9 /* Frameworks */ = {
			isa = PBXFrameworksBuildPhase;
			buildActionMask = 2147483647;
			files = (
				CE71AF6D260CBB7400F31269 /* MetalPetal in Frameworks */,
			);
			runOnlyForDeploymentPostprocessing = 0;
		};
/* End PBXFrameworksBuildPhase section */

/* Begin PBXGroup section */
		CE1FD8A7260B62EF00C92BFD /* Supporting Files */ = {
			isa = PBXGroup;
			children = (
				CE1FD8B6260B652700C92BFD /* Credits.rtf */,
			);
			path = "Supporting Files";
			sourceTree = "<group>";
		};
		CED99A8F260A5FDD007705E9 = {
			isa = PBXGroup;
			children = (
				CED99A9A260A5FDD007705E9 /* WaterMarker */,
				CED99A99260A5FDD007705E9 /* Products */,
			);
			sourceTree = "<group>";
		};
		CED99A99260A5FDD007705E9 /* Products */ = {
			isa = PBXGroup;
			children = (
				CED99A98260A5FDD007705E9 /* WaterMarker.app */,
			);
			name = Products;
			sourceTree = "<group>";
		};
		CED99A9A260A5FDD007705E9 /* WaterMarker */ = {
			isa = PBXGroup;
			children = (
				CE1FD8A7260B62EF00C92BFD /* Supporting Files */,
				CED99A9B260A5FDD007705E9 /* AppDelegate.swift */,
				CED99A9D260A5FDD007705E9 /* ViewController.swift */,
				CE20ECFF260C702B00D9FFA6 /* WindowController.swift */,
				CE1FD8BE260B689D00C92BFD /* Overlayer.swift */,
				CED99A9F260A5FDE007705E9 /* Assets.xcassets */,
				CED99AA1260A5FDE007705E9 /* Main.storyboard */,
				CED99AA4260A5FDE007705E9 /* Info.plist */,
				CED99AA5260A5FDE007705E9 /* WaterMarker.entitlements */,
			);
			path = WaterMarker;
			sourceTree = "<group>";
		};
/* End PBXGroup section */

/* Begin PBXNativeTarget section */
		CED99A97260A5FDD007705E9 /* WaterMarker */ = {
			isa = PBXNativeTarget;
			buildConfigurationList = CED99AA8260A5FDE007705E9 /* Build configuration list for PBXNativeTarget "WaterMarker" */;
			buildPhases = (
				CED99A94260A5FDD007705E9 /* Sources */,
				CED99A95260A5FDD007705E9 /* Frameworks */,
				CED99A96260A5FDD007705E9 /* Resources */,
			);
			buildRules = (
			);
			dependencies = (
			);
			name = WaterMarker;
			packageProductDependencies = (
				CE71AF6C260CBB7400F31269 /* MetalPetal */,
			);
			productName = WaterMarker2;
			productReference = CED99A98260A5FDD007705E9 /* WaterMarker.app */;
			productType = "com.apple.product-type.application";
		};
/* End PBXNativeTarget section */

/* Begin PBXProject section */
		CED99A90260A5FDD007705E9 /* Project object */ = {
			isa = PBXProject;
			attributes = {
				LastSwiftUpdateCheck = 1240;
				LastUpgradeCheck = 1240;
				TargetAttributes = {
					CED99A97260A5FDD007705E9 = {
						CreatedOnToolsVersion = 12.4;
					};
				};
			};
			buildConfigurationList = CED99A93260A5FDD007705E9 /* Build configuration list for PBXProject "WaterMarker" */;
			compatibilityVersion = "Xcode 9.3";
			developmentRegion = en;
			hasScannedForEncodings = 0;
			knownRegions = (
				en,
				Base,
			);
			mainGroup = CED99A8F260A5FDD007705E9;
			packageReferences = (
				CE71AF6B260CBB7400F31269 /* XCRemoteSwiftPackageReference "MetalPetal" */,
			);
			productRefGroup = CED99A99260A5FDD007705E9 /* Products */;
			projectDirPath = "";
			projectRoot = "";
			targets = (
				CED99A97260A5FDD007705E9 /* WaterMarker */,
			);
		};
/* End PBXProject section */

/* Begin PBXResourcesBuildPhase section */
		CED99A96260A5FDD007705E9 /* Resources */ = {
			isa = PBXResourcesBuildPhase;
			buildActionMask = 2147483647;
			files = (
				CED99AA0260A5FDE007705E9 /* Assets.xcassets in Resources */,
				CED99AA3260A5FDE007705E9 /* Main.storyboard in Resources */,
				CE1FD8B7260B652700C92BFD /* Credits.rtf in Resources */,
			);
			runOnlyForDeploymentPostprocessing = 0;
		};
/* End PBXResourcesBuildPhase section */

/* Begin PBXSourcesBuildPhase section */
		CED99A94260A5FDD007705E9 /* Sources */ = {
			isa = PBXSourcesBuildPhase;
			buildActionMask = 2147483647;
			files = (
				CED99A9E260A5FDD007705E9 /* ViewController.swift in Sources */,
				CE20ED00260C702B00D9FFA6 /* WindowController.swift in Sources */,
				CED99A9C260A5FDD007705E9 /* AppDelegate.swift in Sources */,
				CE1FD8BF260B689D00C92BFD /* Overlayer.swift in Sources */,
			);
			runOnlyForDeploymentPostprocessing = 0;
		};
/* End PBXSourcesBuildPhase section */

/* Begin PBXVariantGroup section */
		CED99AA1260A5FDE007705E9 /* Main.storyboard */ = {
			isa = PBXVariantGroup;
			children = (
				CED99AA2260A5FDE007705E9 /* Base */,
			);
			name = Main.storyboard;
			sourceTree = "<group>";
		};
/* End PBXVariantGroup section */

/* Begin XCBuildConfiguration section */
		CED99AA6260A5FDE007705E9 /* Debug */ = {
			isa = XCBuildConfiguration;
			buildSettings = {
				ALWAYS_SEARCH_USER_PATHS = NO;
				CLANG_ANALYZER_NONNULL = YES;
				CLANG_ANALYZER_NUMBER_OBJECT_CONVERSION = YES_AGGRESSIVE;
				CLANG_CXX_LANGUAGE_STANDARD = "gnu++14";
				CLANG_CXX_LIBRARY = "libc++";
				CLANG_ENABLE_MODULES = YES;
				CLANG_ENABLE_OBJC_ARC = YES;
				CLANG_ENABLE_OBJC_WEAK = YES;
				CLANG_WARN_BLOCK_CAPTURE_AUTORELEASING = YES;
				CLANG_WARN_BOOL_CONVERSION = YES;
				CLANG_WARN_COMMA = YES;
				CLANG_WARN_CONSTANT_CONVERSION = YES;
				CLANG_WARN_DEPRECATED_OBJC_IMPLEMENTATIONS = YES;
				CLANG_WARN_DIRECT_OBJC_ISA_USAGE = YES_ERROR;
				CLANG_WARN_DOCUMENTATION_COMMENTS = YES;
				CLANG_WARN_EMPTY_BODY = YES;
				CLANG_WARN_ENUM_CONVERSION = YES;
				CLANG_WARN_INFINITE_RECURSION = YES;
				CLANG_WARN_INT_CONVERSION = YES;
				CLANG_WARN_NON_LITERAL_NULL_CONVERSION = YES;
				CLANG_WARN_OBJC_IMPLICIT_RETAIN_SELF = YES;
				CLANG_WARN_OBJC_LITERAL_CONVERSION = YES;
				CLANG_WARN_OBJC_ROOT_CLASS = YES_ERROR;
				CLANG_WARN_QUOTED_INCLUDE_IN_FRAMEWORK_HEADER = YES;
				CLANG_WARN_RANGE_LOOP_ANALYSIS = YES;
				CLANG_WARN_STRICT_PROTOTYPES = YES;
				CLANG_WARN_SUSPICIOUS_MOVE = YES;
				CLANG_WARN_UNGUARDED_AVAILABILITY = YES_AGGRESSIVE;
				CLANG_WARN_UNREACHABLE_CODE = YES;
				CLANG_WARN__DUPLICATE_METHOD_MATCH = YES;
				COPY_PHASE_STRIP = NO;
				DEBUG_INFORMATION_FORMAT = dwarf;
				ENABLE_STRICT_OBJC_MSGSEND = YES;
				ENABLE_TESTABILITY = YES;
				GCC_C_LANGUAGE_STANDARD = gnu11;
				GCC_DYNAMIC_NO_PIC = NO;
				GCC_NO_COMMON_BLOCKS = YES;
				GCC_OPTIMIZATION_LEVEL = 0;
				GCC_PREPROCESSOR_DEFINITIONS = (
					"DEBUG=1",
					"$(inherited)",
				);
				GCC_WARN_64_TO_32_BIT_CONVERSION = YES;
				GCC_WARN_ABOUT_RETURN_TYPE = YES_ERROR;
				GCC_WARN_UNDECLARED_SELECTOR = YES;
				GCC_WARN_UNINITIALIZED_AUTOS = YES_AGGRESSIVE;
				GCC_WARN_UNUSED_FUNCTION = YES;
				GCC_WARN_UNUSED_VARIABLE = YES;
				MACOSX_DEPLOYMENT_TARGET = 10.14;
				MTL_ENABLE_DEBUG_INFO = INCLUDE_SOURCE;
				MTL_FAST_MATH = YES;
				ONLY_ACTIVE_ARCH = YES;
				SDKROOT = macosx;
				SWIFT_ACTIVE_COMPILATION_CONDITIONS = DEBUG;
				SWIFT_OPTIMIZATION_LEVEL = "-Onone";
			};
			name = Debug;
		};
		CED99AA7260A5FDE007705E9 /* Release */ = {
			isa = XCBuildConfiguration;
			buildSettings = {
				ALWAYS_SEARCH_USER_PATHS = NO;
				CLANG_ANALYZER_NONNULL = YES;
				CLANG_ANALYZER_NUMBER_OBJECT_CONVERSION = YES_AGGRESSIVE;
				CLANG_CXX_LANGUAGE_STANDARD = "gnu++14";
				CLANG_CXX_LIBRARY = "libc++";
				CLANG_ENABLE_MODULES = YES;
				CLANG_ENABLE_OBJC_ARC = YES;
				CLANG_ENABLE_OBJC_WEAK = YES;
				CLANG_WARN_BLOCK_CAPTURE_AUTORELEASING = YES;
				CLANG_WARN_BOOL_CONVERSION = YES;
				CLANG_WARN_COMMA = YES;
				CLANG_WARN_CONSTANT_CONVERSION = YES;
				CLANG_WARN_DEPRECATED_OBJC_IMPLEMENTATIONS = YES;
				CLANG_WARN_DIRECT_OBJC_ISA_USAGE = YES_ERROR;
				CLANG_WARN_DOCUMENTATION_COMMENTS = YES;
				CLANG_WARN_EMPTY_BODY = YES;
				CLANG_WARN_ENUM_CONVERSION = YES;
				CLANG_WARN_INFINITE_RECURSION = YES;
				CLANG_WARN_INT_CONVERSION = YES;
				CLANG_WARN_NON_LITERAL_NULL_CONVERSION = YES;
				CLANG_WARN_OBJC_IMPLICIT_RETAIN_SELF = YES;
				CLANG_WARN_OBJC_LITERAL_CONVERSION = YES;
				CLANG_WARN_OBJC_ROOT_CLASS = YES_ERROR;
				CLANG_WARN_QUOTED_INCLUDE_IN_FRAMEWORK_HEADER = YES;
				CLANG_WARN_RANGE_LOOP_ANALYSIS = YES;
				CLANG_WARN_STRICT_PROTOTYPES = YES;
				CLANG_WARN_SUSPICIOUS_MOVE = YES;
				CLANG_WARN_UNGUARDED_AVAILABILITY = YES_AGGRESSIVE;
				CLANG_WARN_UNREACHABLE_CODE = YES;
				CLANG_WARN__DUPLICATE_METHOD_MATCH = YES;
				COPY_PHASE_STRIP = NO;
				DEBUG_INFORMATION_FORMAT = "dwarf-with-dsym";
				ENABLE_NS_ASSERTIONS = NO;
				ENABLE_STRICT_OBJC_MSGSEND = YES;
				GCC_C_LANGUAGE_STANDARD = gnu11;
				GCC_NO_COMMON_BLOCKS = YES;
				GCC_WARN_64_TO_32_BIT_CONVERSION = YES;
				GCC_WARN_ABOUT_RETURN_TYPE = YES_ERROR;
				GCC_WARN_UNDECLARED_SELECTOR = YES;
				GCC_WARN_UNINITIALIZED_AUTOS = YES_AGGRESSIVE;
				GCC_WARN_UNUSED_FUNCTION = YES;
				GCC_WARN_UNUSED_VARIABLE = YES;
				MACOSX_DEPLOYMENT_TARGET = 10.14;
				MTL_ENABLE_DEBUG_INFO = NO;
				MTL_FAST_MATH = YES;
				SDKROOT = macosx;
				SWIFT_COMPILATION_MODE = wholemodule;
				SWIFT_OPTIMIZATION_LEVEL = "-O";
			};
			name = Release;
		};
		CED99AA9260A5FDE007705E9 /* Debug */ = {
			isa = XCBuildConfiguration;
			buildSettings = {
				ASSETCATALOG_COMPILER_APPICON_NAME = AppIcon;
				ASSETCATALOG_COMPILER_GLOBAL_ACCENT_COLOR_NAME = AccentColor;
				CODE_SIGN_ENTITLEMENTS = WaterMarker/WaterMarker.entitlements;
				CODE_SIGN_IDENTITY = "-";
				CODE_SIGN_STYLE = Automatic;
				COMBINE_HIDPI_IMAGES = YES;
				CURRENT_PROJECT_VERSION = 6;
				DEVELOPMENT_TEAM = 92S6JX27W2;
				ENABLE_HARDENED_RUNTIME = YES;
				INFOPLIST_FILE = WaterMarker/Info.plist;
				LD_RUNPATH_SEARCH_PATHS = (
					"$(inherited)",
					"@executable_path/../Frameworks",
				);
				MARKETING_VERSION = 2.1;
				PRODUCT_BUNDLE_IDENTIFIER = io.github.exerhythm.watermarker;
				PRODUCT_NAME = "$(TARGET_NAME)";
				PROVISIONING_PROFILE_SPECIFIER = "";
				SWIFT_VERSION = 5.0;
			};
			name = Debug;
		};
		CED99AAA260A5FDE007705E9 /* Release */ = {
			isa = XCBuildConfiguration;
			buildSettings = {
				ASSETCATALOG_COMPILER_APPICON_NAME = AppIcon;
				ASSETCATALOG_COMPILER_GLOBAL_ACCENT_COLOR_NAME = AccentColor;
				CODE_SIGN_ENTITLEMENTS = WaterMarker/WaterMarker.entitlements;
				CODE_SIGN_IDENTITY = "-";
				CODE_SIGN_STYLE = Automatic;
				COMBINE_HIDPI_IMAGES = YES;
				CURRENT_PROJECT_VERSION = 6;
				DEVELOPMENT_TEAM = 92S6JX27W2;
				ENABLE_HARDENED_RUNTIME = YES;
				INFOPLIST_FILE = WaterMarker/Info.plist;
				LD_RUNPATH_SEARCH_PATHS = (
					"$(inherited)",
					"@executable_path/../Frameworks",
				);
				MARKETING_VERSION = 2.1;
				PRODUCT_BUNDLE_IDENTIFIER = io.github.exerhythm.watermarker;
				PRODUCT_NAME = "$(TARGET_NAME)";
				PROVISIONING_PROFILE_SPECIFIER = "";
				SWIFT_VERSION = 5.0;
			};
			name = Release;
		};
/* End XCBuildConfiguration section */

/* Begin XCConfigurationList section */
		CED99A93260A5FDD007705E9 /* Build configuration list for PBXProject "WaterMarker" */ = {
			isa = XCConfigurationList;
			buildConfigurations = (
				CED99AA6260A5FDE007705E9 /* Debug */,
				CED99AA7260A5FDE007705E9 /* Release */,
			);
			defaultConfigurationIsVisible = 0;
			defaultConfigurationName = Release;
		};
		CED99AA8260A5FDE007705E9 /* Build configuration list for PBXNativeTarget "WaterMarker" */ = {
			isa = XCConfigurationList;
			buildConfigurations = (
				CED99AA9260A5FDE007705E9 /* Debug */,
				CED99AAA260A5FDE007705E9 /* Release */,
			);
			defaultConfigurationIsVisible = 0;
			defaultConfigurationName = Release;
		};
/* End XCConfigurationList section */

/* Begin XCRemoteSwiftPackageReference section */
		CE71AF6B260CBB7400F31269 /* XCRemoteSwiftPackageReference "MetalPetal" */ = {
			isa = XCRemoteSwiftPackageReference;
			repositoryURL = "https://github.com/MetalPetal/MetalPetal.git";
			requirement = {
				kind = revision;
				revision = c0d11a8c5d342697854d14d11f75e8f3def9efe2;
			};
		};
/* End XCRemoteSwiftPackageReference section */

/* Begin XCSwiftPackageProductDependency section */
		CE71AF6C260CBB7400F31269 /* MetalPetal */ = {
			isa = XCSwiftPackageProductDependency;
			package = CE71AF6B260CBB7400F31269 /* XCRemoteSwiftPackageReference "MetalPetal" */;
			productName = MetalPetal;
		};
/* End XCSwiftPackageProductDependency section */
	};
	rootObject = CED99A90260A5FDD007705E9 /* Project object */;
}
